
Microsoft Visual Studio Solution File, Format Version 12.00
# Visual Studio Version 16
VisualStudioVersion = 16.0.32106.194
MinimumVisualStudioVersion = 10.0.40219.1
Project("{FAE04EC0-301F-11D3-BF4B-00C04F79EFBC}") = "AnswersAPI_BrayanRojas", "AnswersAPI_BrayanRojas\AnswersAPI_BrayanRojas.csproj", "{5A5AD9F2-08B7-40EB-AB6E-8830BCADE7F1}"
EndProject
Global
	GlobalSection(SolutionConfigurationPlatforms) = preSolution
		Debug|Any CPU = Debug|Any CPU
		Release|Any CPU = Release|Any CPU
	EndGlobalSection
	GlobalSection(ProjectConfigurationPlatforms) = postSolution
		{5A5AD9F2-08B7-40EB-AB6E-8830BCADE7F1}.Debug|Any CPU.ActiveCfg = Debug|Any CPU
		{5A5AD9F2-08B7-40EB-AB6E-8830BCADE7F1}.Debug|Any CPU.Build.0 = Debug|Any CPU
		{5A5AD9F2-08B7-40EB-AB6E-8830BCADE7F1}.Release|Any CPU.ActiveCfg = Release|Any CPU
		{5A5AD9F2-08B7-40EB-AB6E-8830BCADE7F1}.Release|Any CPU.Build.0 = Release|Any CPU
	EndGlobalSection
	GlobalSection(SolutionProperties) = preSolution
		HideSolutionNode = FALSE
	EndGlobalSection
	GlobalSection(ExtensibilityGlobals) = postSolution
		SolutionGuid = {43AC86F9-61CC-49C3-A820-D7FFC4E6AC02}
	EndGlobalSection
EndGlobal
